// !$*UTF8*$!
{
	archiveVersion = 1;
	classes = {
	};
	objectVersion = 48;
	objects = {

/* Begin PBXBuildFile section */
		E846D1551FD9D87C009C38A7 /* AppDelegate.swift in Sources */ = {isa = PBXBuildFile; fileRef = E846D1541FD9D87C009C38A7 /* AppDelegate.swift */; };
		E846D1571FD9D87C009C38A7 /* ViewController.swift in Sources */ = {isa = PBXBuildFile; fileRef = E846D1561FD9D87C009C38A7 /* ViewController.swift */; };
		E846D15A1FD9D87C009C38A7 /* Main.storyboard in Resources */ = {isa = PBXBuildFile; fileRef = E846D1581FD9D87C009C38A7 /* Main.storyboard */; };
		E846D15C1FD9D87C009C38A7 /* Assets.xcassets in Resources */ = {isa = PBXBuildFile; fileRef = E846D15B1FD9D87C009C38A7 /* Assets.xcassets */; };
		E846D15F1FD9D87C009C38A7 /* LaunchScreen.storyboard in Resources */ = {isa = PBXBuildFile; fileRef = E846D15D1FD9D87C009C38A7 /* LaunchScreen.storyboard */; };
		E8E03C841FDF2D0E00520A4D /* PredixSDK.framework in Frameworks */ = {isa = PBXBuildFile; fileRef = E8E03C821FDF2D0A00520A4D /* PredixSDK.framework */; };
		E8E03C851FDF2D0E00520A4D /* PredixSDK.framework in Embed Frameworks */ = {isa = PBXBuildFile; fileRef = E8E03C821FDF2D0A00520A4D /* PredixSDK.framework */; settings = {ATTRIBUTES = (CodeSignOnCopy, RemoveHeadersOnCopy, ); }; };
/* End PBXBuildFile section */

/* Begin PBXCopyFilesBuildPhase section */
		E846D1821FD9E6AD009C38A7 /* Embed Frameworks */ = {
			isa = PBXCopyFilesBuildPhase;
			buildActionMask = 2147483647;
			dstPath = "";
			dstSubfolderSpec = 10;
			files = (
				E8E03C851FDF2D0E00520A4D /* PredixSDK.framework in Embed Frameworks */,
			);
			name = "Embed Frameworks";
			runOnlyForDeploymentPostprocessing = 0;
		};
/* End PBXCopyFilesBuildPhase section */

/* Begin PBXFileReference section */
		E846D1511FD9D87C009C38A7 /* GettingStarted.app */ = {isa = PBXFileReference; explicitFileType = wrapper.application; includeInIndex = 0; path = GettingStarted.app; sourceTree = BUILT_PRODUCTS_DIR; };
		E846D1541FD9D87C009C38A7 /* AppDelegate.swift */ = {isa = PBXFileReference; lastKnownFileType = sourcecode.swift; path = AppDelegate.swift; sourceTree = "<group>"; };
		E846D1561FD9D87C009C38A7 /* ViewController.swift */ = {isa = PBXFileReference; lastKnownFileType = sourcecode.swift; path = ViewController.swift; sourceTree = "<group>"; };
		E846D1591FD9D87C009C38A7 /* Base */ = {isa = PBXFileReference; lastKnownFileType = file.storyboard; name = Base; path = Base.lproj/Main.storyboard; sourceTree = "<group>"; };
		E846D15B1FD9D87C009C38A7 /* Assets.xcassets */ = {isa = PBXFileReference; lastKnownFileType = folder.assetcatalog; path = Assets.xcassets; sourceTree = "<group>"; };
		E846D15E1FD9D87C009C38A7 /* Base */ = {isa = PBXFileReference; lastKnownFileType = file.storyboard; name = Base; path = Base.lproj/LaunchScreen.storyboard; sourceTree = "<group>"; };
		E846D1601FD9D87C009C38A7 /* Info.plist */ = {isa = PBXFileReference; lastKnownFileType = text.plist.xml; path = Info.plist; sourceTree = "<group>"; };
		E8E03C821FDF2D0A00520A4D /* PredixSDK.framework */ = {isa = PBXFileReference; lastKnownFileType = wrapper.framework; name = PredixSDK.framework; path = ../Frameworks/PredixSDK.framework; sourceTree = "<group>"; };
		E8E03C881FDF2EEE00520A4D /* module.modulemap */ = {isa = PBXFileReference; fileEncoding = 4; lastKnownFileType = "sourcecode.module-map"; path = module.modulemap; sourceTree = "<group>"; };
/* End PBXFileReference section */

/* Begin PBXFrameworksBuildPhase section */
		E846D14E1FD9D87C009C38A7 /* Frameworks */ = {
			isa = PBXFrameworksBuildPhase;
			buildActionMask = 2147483647;
			files = (
				E8E03C841FDF2D0E00520A4D /* PredixSDK.framework in Frameworks */,
			);
			runOnlyForDeploymentPostprocessing = 0;
		};
/* End PBXFrameworksBuildPhase section */

/* Begin PBXGroup section */
		E846D1481FD9D87C009C38A7 = {
			isa = PBXGroup;
			children = (
				E8E03C811FDF2CF700520A4D /* Frameworks */,
				E846D1531FD9D87C009C38A7 /* GettingStarted */,
				E846D1521FD9D87C009C38A7 /* Products */,
			);
			sourceTree = "<group>";
		};
		E846D1521FD9D87C009C38A7 /* Products */ = {
			isa = PBXGroup;
			children = (
				E846D1511FD9D87C009C38A7 /* GettingStarted.app */,
			);
			name = Products;
			sourceTree = "<group>";
		};
		E846D1531FD9D87C009C38A7 /* GettingStarted */ = {
			isa = PBXGroup;
			children = (
				E8E03C871FDF2ED900520A4D /* CouchbaseLite */,
				E846D1541FD9D87C009C38A7 /* AppDelegate.swift */,
				E846D1561FD9D87C009C38A7 /* ViewController.swift */,
				E846D1581FD9D87C009C38A7 /* Main.storyboard */,
				E846D15B1FD9D87C009C38A7 /* Assets.xcassets */,
				E846D15D1FD9D87C009C38A7 /* LaunchScreen.storyboard */,
				E846D1601FD9D87C009C38A7 /* Info.plist */,
			);
			path = GettingStarted;
			sourceTree = "<group>";
		};
		E8E03C811FDF2CF700520A4D /* Frameworks */ = {
			isa = PBXGroup;
			children = (
				E8E03C821FDF2D0A00520A4D /* PredixSDK.framework */,
			);
			name = Frameworks;
			sourceTree = "<group>";
		};
		E8E03C871FDF2ED900520A4D /* CouchbaseLite */ = {
			isa = PBXGroup;
			children = (
				E8E03C881FDF2EEE00520A4D /* module.modulemap */,
			);
			path = CouchbaseLite;
			sourceTree = "<group>";
		};
/* End PBXGroup section */

/* Begin PBXNativeTarget section */
		E846D1501FD9D87C009C38A7 /* GettingStarted */ = {
			isa = PBXNativeTarget;
			buildConfigurationList = E846D1631FD9D87C009C38A7 /* Build configuration list for PBXNativeTarget "GettingStarted" */;
			buildPhases = (
				E846D14D1FD9D87C009C38A7 /* Sources */,
				E846D14E1FD9D87C009C38A7 /* Frameworks */,
				E846D14F1FD9D87C009C38A7 /* Resources */,
				E846D1821FD9E6AD009C38A7 /* Embed Frameworks */,
			);
			buildRules = (
			);
			dependencies = (
			);
			name = GettingStarted;
			productName = GettingStarted;
			productReference = E846D1511FD9D87C009C38A7 /* GettingStarted.app */;
			productType = "com.apple.product-type.application";
		};
/* End PBXNativeTarget section */

/* Begin PBXProject section */
		E846D1491FD9D87C009C38A7 /* Project object */ = {
			isa = PBXProject;
			attributes = {
				LastSwiftUpdateCheck = 0920;
				LastUpgradeCheck = 0920;
				ORGANIZATIONNAME = "Jeremy Osterhoudt";
				TargetAttributes = {
					E846D1501FD9D87C009C38A7 = {
						CreatedOnToolsVersion = 9.2;
						ProvisioningStyle = Automatic;
					};
				};
			};
			buildConfigurationList = E846D14C1FD9D87C009C38A7 /* Build configuration list for PBXProject "GettingStarted" */;
			compatibilityVersion = "Xcode 8.0";
			developmentRegion = en;
			hasScannedForEncodings = 0;
			knownRegions = (
				en,
				Base,
			);
			mainGroup = E846D1481FD9D87C009C38A7;
			productRefGroup = E846D1521FD9D87C009C38A7 /* Products */;
			projectDirPath = "";
			projectRoot = "";
			targets = (
				E846D1501FD9D87C009C38A7 /* GettingStarted */,
			);
		};
/* End PBXProject section */

/* Begin PBXResourcesBuildPhase section */
		E846D14F1FD9D87C009C38A7 /* Resources */ = {
			isa = PBXResourcesBuildPhase;
			buildActionMask = 2147483647;
			files = (
				E846D15F1FD9D87C009C38A7 /* LaunchScreen.storyboard in Resources */,
				E846D15C1FD9D87C009C38A7 /* Assets.xcassets in Resources */,
				E846D15A1FD9D87C009C38A7 /* Main.storyboard in Resources */,
			);
			runOnlyForDeploymentPostprocessing = 0;
		};
/* End PBXResourcesBuildPhase section */

/* Begin PBXSourcesBuildPhase section */
		E846D14D1FD9D87C009C38A7 /* Sources */ = {
			isa = PBXSourcesBuildPhase;
			buildActionMask = 2147483647;
			files = (
				E846D1571FD9D87C009C38A7 /* ViewController.swift in Sources */,
				E846D1551FD9D87C009C38A7 /* AppDelegate.swift in Sources */,
			);
			runOnlyForDeploymentPostprocessing = 0;
		};
/* End PBXSourcesBuildPhase section */

/* Begin PBXVariantGroup section */
		E846D1581FD9D87C009C38A7 /* Main.storyboard */ = {
			isa = PBXVariantGroup;
			children = (
				E846D1591FD9D87C009C38A7 /* Base */,
			);
			name = Main.storyboard;
			sourceTree = "<group>";
		};
		E846D15D1FD9D87C009C38A7 /* LaunchScreen.storyboard */ = {
			isa = PBXVariantGroup;
			children = (
				E846D15E1FD9D87C009C38A7 /* Base */,
			);
			name = LaunchScreen.storyboard;
			sourceTree = "<group>";
		};
/* End PBXVariantGroup section */

/* Begin XCBuildConfiguration section */
		E846D1611FD9D87C009C38A7 /* Debug */ = {
			isa = XCBuildConfiguration;
			buildSettings = {
				ALWAYS_SEARCH_USER_PATHS = NO;
				CLANG_ANALYZER_NONNULL = YES;
				CLANG_ANALYZER_NUMBER_OBJECT_CONVERSION = YES_AGGRESSIVE;
				CLANG_CXX_LANGUAGE_STANDARD = "gnu++14";
				CLANG_CXX_LIBRARY = "libc++";
				CLANG_ENABLE_MODULES = YES;
				CLANG_ENABLE_OBJC_ARC = YES;
				CLANG_WARN_BLOCK_CAPTURE_AUTORELEASING = YES;
				CLANG_WARN_BOOL_CONVERSION = YES;
				CLANG_WARN_COMMA = YES;
				CLANG_WARN_CONSTANT_CONVERSION = YES;
				CLANG_WARN_DIRECT_OBJC_ISA_USAGE = YES_ERROR;
				CLANG_WARN_DOCUMENTATION_COMMENTS = YES;
				CLANG_WARN_EMPTY_BODY = YES;
				CLANG_WARN_ENUM_CONVERSION = YES;
				CLANG_WARN_INFINITE_RECURSION = YES;
				CLANG_WARN_INT_CONVERSION = YES;
				CLANG_WARN_NON_LITERAL_NULL_CONVERSION = YES;
				CLANG_WARN_OBJC_LITERAL_CONVERSION = YES;
				CLANG_WARN_OBJC_ROOT_CLASS = YES_ERROR;
				CLANG_WARN_RANGE_LOOP_ANALYSIS = YES;
				CLANG_WARN_STRICT_PROTOTYPES = YES;
				CLANG_WARN_SUSPICIOUS_MOVE = YES;
				CLANG_WARN_UNGUARDED_AVAILABILITY = YES_AGGRESSIVE;
				CLANG_WARN_UNREACHABLE_CODE = YES;
				CLANG_WARN__DUPLICATE_METHOD_MATCH = YES;
				CODE_SIGN_IDENTITY = "iPhone Developer";
				COPY_PHASE_STRIP = NO;
				DEBUG_INFORMATION_FORMAT = dwarf;
				ENABLE_STRICT_OBJC_MSGSEND = YES;
				ENABLE_TESTABILITY = YES;
				GCC_C_LANGUAGE_STANDARD = gnu11;
				GCC_DYNAMIC_NO_PIC = NO;
				GCC_NO_COMMON_BLOCKS = YES;
				GCC_OPTIMIZATION_LEVEL = 0;
				GCC_PREPROCESSOR_DEFINITIONS = (
					"DEBUG=1",
					"$(inherited)",
				);
				GCC_WARN_64_TO_32_BIT_CONVERSION = YES;
				GCC_WARN_ABOUT_RETURN_TYPE = YES_ERROR;
				GCC_WARN_UNDECLARED_SELECTOR = YES;
				GCC_WARN_UNINITIALIZED_AUTOS = YES_AGGRESSIVE;
				GCC_WARN_UNUSED_FUNCTION = YES;
				GCC_WARN_UNUSED_VARIABLE = YES;
				IPHONEOS_DEPLOYMENT_TARGET = 11.2;
				MTL_ENABLE_DEBUG_INFO = YES;
				ONLY_ACTIVE_ARCH = YES;
				SDKROOT = iphoneos;
				SWIFT_ACTIVE_COMPILATION_CONDITIONS = DEBUG;
				SWIFT_OPTIMIZATION_LEVEL = "-Onone";
			};
			name = Debug;
		};
		E846D1621FD9D87C009C38A7 /* Release */ = {
			isa = XCBuildConfiguration;
			buildSettings = {
				ALWAYS_SEARCH_USER_PATHS = NO;
				CLANG_ANALYZER_NONNULL = YES;
				CLANG_ANALYZER_NUMBER_OBJECT_CONVERSION = YES_AGGRESSIVE;
				CLANG_CXX_LANGUAGE_STANDARD = "gnu++14";
				CLANG_CXX_LIBRARY = "libc++";
				CLANG_ENABLE_MODULES = YES;
				CLANG_ENABLE_OBJC_ARC = YES;
				CLANG_WARN_BLOCK_CAPTURE_AUTORELEASING = YES;
				CLANG_WARN_BOOL_CONVERSION = YES;
				CLANG_WARN_COMMA = YES;
				CLANG_WARN_CONSTANT_CONVERSION = YES;
				CLANG_WARN_DIRECT_OBJC_ISA_USAGE = YES_ERROR;
				CLANG_WARN_DOCUMENTATION_COMMENTS = YES;
				CLANG_WARN_EMPTY_BODY = YES;
				CLANG_WARN_ENUM_CONVERSION = YES;
				CLANG_WARN_INFINITE_RECURSION = YES;
				CLANG_WARN_INT_CONVERSION = YES;
				CLANG_WARN_NON_LITERAL_NULL_CONVERSION = YES;
				CLANG_WARN_OBJC_LITERAL_CONVERSION = YES;
				CLANG_WARN_OBJC_ROOT_CLASS = YES_ERROR;
				CLANG_WARN_RANGE_LOOP_ANALYSIS = YES;
				CLANG_WARN_STRICT_PROTOTYPES = YES;
				CLANG_WARN_SUSPICIOUS_MOVE = YES;
				CLANG_WARN_UNGUARDED_AVAILABILITY = YES_AGGRESSIVE;
				CLANG_WARN_UNREACHABLE_CODE = YES;
				CLANG_WARN__DUPLICATE_METHOD_MATCH = YES;
				CODE_SIGN_IDENTITY = "iPhone Developer";
				COPY_PHASE_STRIP = NO;
				DEBUG_INFORMATION_FORMAT = "dwarf-with-dsym";
				ENABLE_NS_ASSERTIONS = NO;
				ENABLE_STRICT_OBJC_MSGSEND = YES;
				GCC_C_LANGUAGE_STANDARD = gnu11;
				GCC_NO_COMMON_BLOCKS = YES;
				GCC_WARN_64_TO_32_BIT_CONVERSION = YES;
				GCC_WARN_ABOUT_RETURN_TYPE = YES_ERROR;
				GCC_WARN_UNDECLARED_SELECTOR = YES;
				GCC_WARN_UNINITIALIZED_AUTOS = YES_AGGRESSIVE;
				GCC_WARN_UNUSED_FUNCTION = YES;
				GCC_WARN_UNUSED_VARIABLE = YES;
				IPHONEOS_DEPLOYMENT_TARGET = 11.2;
				MTL_ENABLE_DEBUG_INFO = NO;
				SDKROOT = iphoneos;
				SWIFT_OPTIMIZATION_LEVEL = "-Owholemodule";
				VALIDATE_PRODUCT = YES;
			};
			name = Release;
		};
		E846D1641FD9D87C009C38A7 /* Debug */ = {
			isa = XCBuildConfiguration;
			buildSettings = {
				ASSETCATALOG_COMPILER_APPICON_NAME = AppIcon;
				CODE_SIGN_STYLE = Automatic;
				DEVELOPMENT_TEAM = "";
				FRAMEWORK_SEARCH_PATHS = "$(PROJECT_DIR)/../Frameworks";
				INFOPLIST_FILE = GettingStarted/Info.plist;
				LD_RUNPATH_SEARCH_PATHS = "$(inherited) @executable_path/Frameworks";
				PRODUCT_BUNDLE_IDENTIFIER = com.pregasi.GettingStarted;
				PRODUCT_NAME = "$(TARGET_NAME)";
				SWIFT_INCLUDE_PATHS = "$(SRCROOT)/$(PRODUCT_NAME)";
				SWIFT_VERSION = 4.0;
				TARGETED_DEVICE_FAMILY = "1,2";
			};
			name = Debug;
		};
		E846D1651FD9D87C009C38A7 /* Release */ = {
			isa = XCBuildConfiguration;
			buildSettings = {
				ASSETCATALOG_COMPILER_APPICON_NAME = AppIcon;
				CODE_SIGN_STYLE = Automatic;
				DEVELOPMENT_TEAM = "";
				FRAMEWORK_SEARCH_PATHS = "$(PROJECT_DIR)/../Frameworks";
				INFOPLIST_FILE = GettingStarted/Info.plist;
				LD_RUNPATH_SEARCH_PATHS = "$(inherited) @executable_path/Frameworks";
				PRODUCT_BUNDLE_IDENTIFIER = com.pregasi.GettingStarted;
				PRODUCT_NAME = "$(TARGET_NAME)";
				SWIFT_INCLUDE_PATHS = "$(SRCROOT)/$(PRODUCT_NAME)";
				SWIFT_VERSION = 4.0;
				TARGETED_DEVICE_FAMILY = "1,2";
			};
			name = Release;
		};
/* End XCBuildConfiguration section */

/* Begin XCConfigurationList section */
		E846D14C1FD9D87C009C38A7 /* Build configuration list for PBXProject "GettingStarted" */ = {
			isa = XCConfigurationList;
			buildConfigurations = (
				E846D1611FD9D87C009C38A7 /* Debug */,
				E846D1621FD9D87C009C38A7 /* Release */,
			);
			defaultConfigurationIsVisible = 0;
			defaultConfigurationName = Release;
		};
		E846D1631FD9D87C009C38A7 /* Build configuration list for PBXNativeTarget "GettingStarted" */ = {
			isa = XCConfigurationList;
			buildConfigurations = (
				E846D1641FD9D87C009C38A7 /* Debug */,
				E846D1651FD9D87C009C38A7 /* Release */,
			);
			defaultConfigurationIsVisible = 0;
			defaultConfigurationName = Release;
		};
/* End XCConfigurationList section */
	};
	rootObject = E846D1491FD9D87C009C38A7 /* Project object */;
}
