// !$*UTF8*$!
{
	archiveVersion = 1;
	classes = {
	};
	objectVersion = 46;
	objects = {

/* Begin PBXBuildFile section */
		4FC612BF2017E1AD00489F15 /* ModuleMaps in Resources */ = {isa = PBXBuildFile; fileRef = 4FC612BE2017E1AD00489F15 /* ModuleMaps */; };
		4FD899761F2BE64C00602726 /* AppDelegate.swift in Sources */ = {isa = PBXBuildFile; fileRef = 4FD899751F2BE64C00602726 /* AppDelegate.swift */; };
		4FD899781F2BE64C00602726 /* ViewController.swift in Sources */ = {isa = PBXBuildFile; fileRef = 4FD899771F2BE64C00602726 /* ViewController.swift */; };
		4FD8997B1F2BE64C00602726 /* Main.storyboard in Resources */ = {isa = PBXBuildFile; fileRef = 4FD899791F2BE64C00602726 /* Main.storyboard */; };
		4FD8997D1F2BE64C00602726 /* Assets.xcassets in Resources */ = {isa = PBXBuildFile; fileRef = 4FD8997C1F2BE64C00602726 /* Assets.xcassets */; };
		4FD899801F2BE64C00602726 /* LaunchScreen.storyboard in Resources */ = {isa = PBXBuildFile; fileRef = 4FD8997E1F2BE64C00602726 /* LaunchScreen.storyboard */; };
		E8E03C701FDF074F00520A4D /* PredixSDK.framework in Frameworks */ = {isa = PBXBuildFile; fileRef = E8E03C6E1FDF074A00520A4D /* PredixSDK.framework */; };
		E8E03C711FDF074F00520A4D /* PredixSDK.framework in Embed Frameworks */ = {isa = PBXBuildFile; fileRef = E8E03C6E1FDF074A00520A4D /* PredixSDK.framework */; settings = {ATTRIBUTES = (CodeSignOnCopy, RemoveHeadersOnCopy, ); }; };
/* End PBXBuildFile section */

/* Begin PBXCopyFilesBuildPhase section */
		E8E03C721FDF074F00520A4D /* Embed Frameworks */ = {
			isa = PBXCopyFilesBuildPhase;
			buildActionMask = 2147483647;
			dstPath = "";
			dstSubfolderSpec = 10;
			files = (
				E8E03C711FDF074F00520A4D /* PredixSDK.framework in Embed Frameworks */,
			);
			name = "Embed Frameworks";
			runOnlyForDeploymentPostprocessing = 0;
		};
/* End PBXCopyFilesBuildPhase section */

/* Begin PBXFileReference section */
		4FC612BE2017E1AD00489F15 /* ModuleMaps */ = {isa = PBXFileReference; lastKnownFileType = folder; path = ModuleMaps; sourceTree = "<group>"; };
		4FD899721F2BE64C00602726 /* SafariViewControllerDemo.app */ = {isa = PBXFileReference; explicitFileType = wrapper.application; includeInIndex = 0; path = SafariViewControllerDemo.app; sourceTree = BUILT_PRODUCTS_DIR; };
		4FD899751F2BE64C00602726 /* AppDelegate.swift */ = {isa = PBXFileReference; lastKnownFileType = sourcecode.swift; path = AppDelegate.swift; sourceTree = "<group>"; };
		4FD899771F2BE64C00602726 /* ViewController.swift */ = {isa = PBXFileReference; lastKnownFileType = sourcecode.swift; path = ViewController.swift; sourceTree = "<group>"; };
		4FD8997A1F2BE64C00602726 /* Base */ = {isa = PBXFileReference; lastKnownFileType = file.storyboard; name = Base; path = Base.lproj/Main.storyboard; sourceTree = "<group>"; };
		4FD8997C1F2BE64C00602726 /* Assets.xcassets */ = {isa = PBXFileReference; lastKnownFileType = folder.assetcatalog; path = Assets.xcassets; sourceTree = "<group>"; };
		4FD8997F1F2BE64C00602726 /* Base */ = {isa = PBXFileReference; lastKnownFileType = file.storyboard; name = Base; path = Base.lproj/LaunchScreen.storyboard; sourceTree = "<group>"; };
		4FD899811F2BE64C00602726 /* Info.plist */ = {isa = PBXFileReference; lastKnownFileType = text.plist.xml; path = Info.plist; sourceTree = "<group>"; };
		E8E03C6E1FDF074A00520A4D /* PredixSDK.framework */ = {isa = PBXFileReference; lastKnownFileType = wrapper.framework; path = PredixSDK.framework; sourceTree = "<group>"; };
/* End PBXFileReference section */

/* Begin PBXFrameworksBuildPhase section */
		4FD8996F1F2BE64C00602726 /* Frameworks */ = {
			isa = PBXFrameworksBuildPhase;
			buildActionMask = 2147483647;
			files = (
				E8E03C701FDF074F00520A4D /* PredixSDK.framework in Frameworks */,
			);
			runOnlyForDeploymentPostprocessing = 0;
		};
/* End PBXFrameworksBuildPhase section */

/* Begin PBXGroup section */
		4FD899691F2BE64B00602726 = {
			isa = PBXGroup;
			children = (
				E8E03C671FDF068000520A4D /* Frameworks */,
				4FD899741F2BE64C00602726 /* SafariViewControllerDemo */,
				4FD899731F2BE64C00602726 /* Products */,
			);
			sourceTree = "<group>";
		};
		4FD899731F2BE64C00602726 /* Products */ = {
			isa = PBXGroup;
			children = (
				4FD899721F2BE64C00602726 /* SafariViewControllerDemo.app */,
			);
			name = Products;
			sourceTree = "<group>";
		};
		4FD899741F2BE64C00602726 /* SafariViewControllerDemo */ = {
			isa = PBXGroup;
			children = (
				4FC612BE2017E1AD00489F15 /* ModuleMaps */,
				4FD899751F2BE64C00602726 /* AppDelegate.swift */,
				4FD899771F2BE64C00602726 /* ViewController.swift */,
				4FD899791F2BE64C00602726 /* Main.storyboard */,
				4FD8997C1F2BE64C00602726 /* Assets.xcassets */,
				4FD8997E1F2BE64C00602726 /* LaunchScreen.storyboard */,
				4FD899811F2BE64C00602726 /* Info.plist */,
			);
			path = SafariViewControllerDemo;
			sourceTree = "<group>";
		};
		E8E03C671FDF068000520A4D /* Frameworks */ = {
			isa = PBXGroup;
			children = (
				E8E03C6E1FDF074A00520A4D /* PredixSDK.framework */,
			);
			name = Frameworks;
			path = ../../Frameworks;
			sourceTree = "<group>";
		};
/* End PBXGroup section */

/* Begin PBXNativeTarget section */
		4FD899711F2BE64C00602726 /* SafariViewControllerDemo */ = {
			isa = PBXNativeTarget;
			buildConfigurationList = 4FD899841F2BE64C00602726 /* Build configuration list for PBXNativeTarget "SafariViewControllerDemo" */;
			buildPhases = (
				4FD8996E1F2BE64C00602726 /* Sources */,
				4FD8996F1F2BE64C00602726 /* Frameworks */,
				4FD899701F2BE64C00602726 /* Resources */,
				E8E03C721FDF074F00520A4D /* Embed Frameworks */,
			);
			buildRules = (
			);
			dependencies = (
			);
			name = SafariViewControllerDemo;
			productName = SafariViewControllerDemo;
			productReference = 4FD899721F2BE64C00602726 /* SafariViewControllerDemo.app */;
			productType = "com.apple.product-type.application";
		};
/* End PBXNativeTarget section */

/* Begin PBXProject section */
		4FD8996A1F2BE64B00602726 /* Project object */ = {
			isa = PBXProject;
			attributes = {
				LastSwiftUpdateCheck = 0830;
				LastUpgradeCheck = 0920;
				ORGANIZATIONNAME = GE;
				TargetAttributes = {
					4FD899711F2BE64C00602726 = {
						CreatedOnToolsVersion = 8.3.3;
						LastSwiftMigration = 1000;
						ProvisioningStyle = Automatic;
					};
				};
			};
			buildConfigurationList = 4FD8996D1F2BE64B00602726 /* Build configuration list for PBXProject "SafariViewControllerDemo" */;
			compatibilityVersion = "Xcode 3.2";
			developmentRegion = English;
			hasScannedForEncodings = 0;
			knownRegions = (
				en,
				Base,
			);
			mainGroup = 4FD899691F2BE64B00602726;
			productRefGroup = 4FD899731F2BE64C00602726 /* Products */;
			projectDirPath = "";
			projectRoot = "";
			targets = (
				4FD899711F2BE64C00602726 /* SafariViewControllerDemo */,
			);
		};
/* End PBXProject section */

/* Begin PBXResourcesBuildPhase section */
		4FD899701F2BE64C00602726 /* Resources */ = {
			isa = PBXResourcesBuildPhase;
			buildActionMask = 2147483647;
			files = (
				4FD899801F2BE64C00602726 /* LaunchScreen.storyboard in Resources */,
				4FC612BF2017E1AD00489F15 /* ModuleMaps in Resources */,
				4FD8997D1F2BE64C00602726 /* Assets.xcassets in Resources */,
				4FD8997B1F2BE64C00602726 /* Main.storyboard in Resources */,
			);
			runOnlyForDeploymentPostprocessing = 0;
		};
/* End PBXResourcesBuildPhase section */

/* Begin PBXSourcesBuildPhase section */
		4FD8996E1F2BE64C00602726 /* Sources */ = {
			isa = PBXSourcesBuildPhase;
			buildActionMask = 2147483647;
			files = (
				4FD899781F2BE64C00602726 /* ViewController.swift in Sources */,
				4FD899761F2BE64C00602726 /* AppDelegate.swift in Sources */,
			);
			runOnlyForDeploymentPostprocessing = 0;
		};
/* End PBXSourcesBuildPhase section */

/* Begin PBXVariantGroup section */
		4FD899791F2BE64C00602726 /* Main.storyboard */ = {
			isa = PBXVariantGroup;
			children = (
				4FD8997A1F2BE64C00602726 /* Base */,
			);
			name = Main.storyboard;
			sourceTree = "<group>";
		};
		4FD8997E1F2BE64C00602726 /* LaunchScreen.storyboard */ = {
			isa = PBXVariantGroup;
			children = (
				4FD8997F1F2BE64C00602726 /* Base */,
			);
			name = LaunchScreen.storyboard;
			sourceTree = "<group>";
		};
/* End PBXVariantGroup section */

/* Begin XCBuildConfiguration section */
		4FD899821F2BE64C00602726 /* Debug */ = {
			isa = XCBuildConfiguration;
			buildSettings = {
				ALWAYS_SEARCH_USER_PATHS = NO;
				CLANG_ANALYZER_NONNULL = YES;
				CLANG_ANALYZER_NUMBER_OBJECT_CONVERSION = YES_AGGRESSIVE;
				CLANG_CXX_LANGUAGE_STANDARD = "gnu++0x";
				CLANG_CXX_LIBRARY = "libc++";
				CLANG_ENABLE_MODULES = YES;
				CLANG_ENABLE_OBJC_ARC = YES;
				CLANG_WARN_BLOCK_CAPTURE_AUTORELEASING = YES;
				CLANG_WARN_BOOL_CONVERSION = YES;
				CLANG_WARN_COMMA = YES;
				CLANG_WARN_CONSTANT_CONVERSION = YES;
				CLANG_WARN_DIRECT_OBJC_ISA_USAGE = YES_ERROR;
				CLANG_WARN_DOCUMENTATION_COMMENTS = YES;
				CLANG_WARN_EMPTY_BODY = YES;
				CLANG_WARN_ENUM_CONVERSION = YES;
				CLANG_WARN_INFINITE_RECURSION = YES;
				CLANG_WARN_INT_CONVERSION = YES;
				CLANG_WARN_NON_LITERAL_NULL_CONVERSION = YES;
				CLANG_WARN_OBJC_LITERAL_CONVERSION = YES;
				CLANG_WARN_OBJC_ROOT_CLASS = YES_ERROR;
				CLANG_WARN_RANGE_LOOP_ANALYSIS = YES;
				CLANG_WARN_STRICT_PROTOTYPES = YES;
				CLANG_WARN_SUSPICIOUS_MOVE = YES;
				CLANG_WARN_UNREACHABLE_CODE = YES;
				CLANG_WARN__DUPLICATE_METHOD_MATCH = YES;
				"CODE_SIGN_IDENTITY[sdk=iphoneos*]" = "iPhone Developer";
				COPY_PHASE_STRIP = NO;
				DEBUG_INFORMATION_FORMAT = dwarf;
				ENABLE_STRICT_OBJC_MSGSEND = YES;
				ENABLE_TESTABILITY = YES;
				GCC_C_LANGUAGE_STANDARD = gnu99;
				GCC_DYNAMIC_NO_PIC = NO;
				GCC_NO_COMMON_BLOCKS = YES;
				GCC_OPTIMIZATION_LEVEL = 0;
				GCC_PREPROCESSOR_DEFINITIONS = (
					"DEBUG=1",
					"$(inherited)",
				);
				GCC_WARN_64_TO_32_BIT_CONVERSION = YES;
				GCC_WARN_ABOUT_RETURN_TYPE = YES_ERROR;
				GCC_WARN_UNDECLARED_SELECTOR = YES;
				GCC_WARN_UNINITIALIZED_AUTOS = YES_AGGRESSIVE;
				GCC_WARN_UNUSED_FUNCTION = YES;
				GCC_WARN_UNUSED_VARIABLE = YES;
				IPHONEOS_DEPLOYMENT_TARGET = 10.3;
				MTL_ENABLE_DEBUG_INFO = YES;
				ONLY_ACTIVE_ARCH = YES;
				SDKROOT = iphoneos;
				SWIFT_ACTIVE_COMPILATION_CONDITIONS = DEBUG;
				SWIFT_OPTIMIZATION_LEVEL = "-Onone";
				TARGETED_DEVICE_FAMILY = "1,2";
			};
			name = Debug;
		};
		4FD899831F2BE64C00602726 /* Release */ = {
			isa = XCBuildConfiguration;
			buildSettings = {
				ALWAYS_SEARCH_USER_PATHS = NO;
				CLANG_ANALYZER_NONNULL = YES;
				CLANG_ANALYZER_NUMBER_OBJECT_CONVERSION = YES_AGGRESSIVE;
				CLANG_CXX_LANGUAGE_STANDARD = "gnu++0x";
				CLANG_CXX_LIBRARY = "libc++";
				CLANG_ENABLE_MODULES = YES;
				CLANG_ENABLE_OBJC_ARC = YES;
				CLANG_WARN_BLOCK_CAPTURE_AUTORELEASING = YES;
				CLANG_WARN_BOOL_CONVERSION = YES;
				CLANG_WARN_COMMA = YES;
				CLANG_WARN_CONSTANT_CONVERSION = YES;
				CLANG_WARN_DIRECT_OBJC_ISA_USAGE = YES_ERROR;
				CLANG_WARN_DOCUMENTATION_COMMENTS = YES;
				CLANG_WARN_EMPTY_BODY = YES;
				CLANG_WARN_ENUM_CONVERSION = YES;
				CLANG_WARN_INFINITE_RECURSION = YES;
				CLANG_WARN_INT_CONVERSION = YES;
				CLANG_WARN_NON_LITERAL_NULL_CONVERSION = YES;
				CLANG_WARN_OBJC_LITERAL_CONVERSION = YES;
				CLANG_WARN_OBJC_ROOT_CLASS = YES_ERROR;
				CLANG_WARN_RANGE_LOOP_ANALYSIS = YES;
				CLANG_WARN_STRICT_PROTOTYPES = YES;
				CLANG_WARN_SUSPICIOUS_MOVE = YES;
				CLANG_WARN_UNREACHABLE_CODE = YES;
				CLANG_WARN__DUPLICATE_METHOD_MATCH = YES;
				"CODE_SIGN_IDENTITY[sdk=iphoneos*]" = "iPhone Developer";
				COPY_PHASE_STRIP = NO;
				DEBUG_INFORMATION_FORMAT = "dwarf-with-dsym";
				ENABLE_NS_ASSERTIONS = NO;
				ENABLE_STRICT_OBJC_MSGSEND = YES;
				GCC_C_LANGUAGE_STANDARD = gnu99;
				GCC_NO_COMMON_BLOCKS = YES;
				GCC_WARN_64_TO_32_BIT_CONVERSION = YES;
				GCC_WARN_ABOUT_RETURN_TYPE = YES_ERROR;
				GCC_WARN_UNDECLARED_SELECTOR = YES;
				GCC_WARN_UNINITIALIZED_AUTOS = YES_AGGRESSIVE;
				GCC_WARN_UNUSED_FUNCTION = YES;
				GCC_WARN_UNUSED_VARIABLE = YES;
				IPHONEOS_DEPLOYMENT_TARGET = 10.3;
				MTL_ENABLE_DEBUG_INFO = NO;
				SDKROOT = iphoneos;
				SWIFT_OPTIMIZATION_LEVEL = "-Owholemodule";
				TARGETED_DEVICE_FAMILY = "1,2";
				VALIDATE_PRODUCT = YES;
			};
			name = Release;
		};
		4FD899851F2BE64C00602726 /* Debug */ = {
			isa = XCBuildConfiguration;
			buildSettings = {
				ASSETCATALOG_COMPILER_APPICON_NAME = AppIcon;
				DEVELOPMENT_TEAM = "";
				FRAMEWORK_SEARCH_PATHS = (
					"$(inherited)",
					"$(PROJECT_DIR)/../../Frameworks",
				);
				INFOPLIST_FILE = SafariViewControllerDemo/Info.plist;
				LD_RUNPATH_SEARCH_PATHS = "$(inherited) @executable_path/Frameworks";
				PRODUCT_BUNDLE_IDENTIFIER = com.ge.SafariViewControllerDemo;
				PRODUCT_NAME = "$(TARGET_NAME)";
				SWIFT_INCLUDE_PATHS = "$(SRCROOT)/$(PRODUCT_NAME)";
				SWIFT_VERSION = 4.2;
			};
			name = Debug;
		};
		4FD899861F2BE64C00602726 /* Release */ = {
			isa = XCBuildConfiguration;
			buildSettings = {
				ASSETCATALOG_COMPILER_APPICON_NAME = AppIcon;
				DEVELOPMENT_TEAM = "";
				FRAMEWORK_SEARCH_PATHS = (
					"$(inherited)",
					"$(PROJECT_DIR)/../../Frameworks",
				);
				INFOPLIST_FILE = SafariViewControllerDemo/Info.plist;
				LD_RUNPATH_SEARCH_PATHS = "$(inherited) @executable_path/Frameworks";
				PRODUCT_BUNDLE_IDENTIFIER = com.ge.SafariViewControllerDemo;
				PRODUCT_NAME = "$(TARGET_NAME)";
				SWIFT_INCLUDE_PATHS = "$(SRCROOT)/$(PRODUCT_NAME)";
				SWIFT_VERSION = 4.2;
			};
			name = Release;
		};
/* End XCBuildConfiguration section */

/* Begin XCConfigurationList section */
		4FD8996D1F2BE64B00602726 /* Build configuration list for PBXProject "SafariViewControllerDemo" */ = {
			isa = XCConfigurationList;
			buildConfigurations = (
				4FD899821F2BE64C00602726 /* Debug */,
				4FD899831F2BE64C00602726 /* Release */,
			);
			defaultConfigurationIsVisible = 0;
			defaultConfigurationName = Release;
		};
		4FD899841F2BE64C00602726 /* Build configuration list for PBXNativeTarget "SafariViewControllerDemo" */ = {
			isa = XCConfigurationList;
			buildConfigurations = (
				4FD899851F2BE64C00602726 /* Debug */,
				4FD899861F2BE64C00602726 /* Release */,
			);
			defaultConfigurationIsVisible = 0;
			defaultConfigurationName = Release;
		};
/* End XCConfigurationList section */
	};
	rootObject = 4FD8996A1F2BE64B00602726 /* Project object */;
}
